// !$*UTF8*$!
{
	archiveVersion = 1;
	classes = {
	};
	objectVersion = 46;
	objects = {

/* Begin PBXBuildFile section */
		0A95544B1CA8CE7A005D9B2E /* TCPEchoServer4.c in Sources */ = {isa = PBXBuildFile; fileRef = 0A9554491CA8CE7A005D9B2E /* TCPEchoServer4.c */; };
		0A95544C1CA8CE7A005D9B2E /* TCPServerUtility.c in Sources */ = {isa = PBXBuildFile; fileRef = 0A95544A1CA8CE7A005D9B2E /* TCPServerUtility.c */; };
		0A95544F1CA8CEAA005D9B2E /* DieWithMessage.c in Sources */ = {isa = PBXBuildFile; fileRef = 0A95544E1CA8CEAA005D9B2E /* DieWithMessage.c */; };
		0A9554511CA8CF51005D9B2E /* AddressUtility.c in Sources */ = {isa = PBXBuildFile; fileRef = 0A9554501CA8CF51005D9B2E /* AddressUtility.c */; };
/* End PBXBuildFile section */

/* Begin PBXCopyFilesBuildPhase section */
		0A95543D1CA8CB8A005D9B2E /* CopyFiles */ = {
			isa = PBXCopyFilesBuildPhase;
			buildActionMask = 2147483647;
			dstPath = /usr/share/man/man1/;
			dstSubfolderSpec = 0;
			files = (
			);
			runOnlyForDeploymentPostprocessing = 1;
		};
/* End PBXCopyFilesBuildPhase section */

/* Begin PBXFileReference section */
		0A95543F1CA8CB8A005D9B2E /* TCPEchoServer4 */ = {isa = PBXFileReference; explicitFileType = "compiled.mach-o.executable"; includeInIndex = 0; path = TCPEchoServer4; sourceTree = BUILT_PRODUCTS_DIR; };
		0A9554491CA8CE7A005D9B2E /* TCPEchoServer4.c */ = {isa = PBXFileReference; fileEncoding = 4; lastKnownFileType = sourcecode.c.c; path = TCPEchoServer4.c; sourceTree = "<group>"; };
		0A95544A1CA8CE7A005D9B2E /* TCPServerUtility.c */ = {isa = PBXFileReference; fileEncoding = 4; lastKnownFileType = sourcecode.c.c; path = TCPServerUtility.c; sourceTree = "<group>"; };
		0A95544D1CA8CEA3005D9B2E /* Practical.h */ = {isa = PBXFileReference; lastKnownFileType = sourcecode.c.h; path = Practical.h; sourceTree = "<group>"; };
		0A95544E1CA8CEAA005D9B2E /* DieWithMessage.c */ = {isa = PBXFileReference; fileEncoding = 4; lastKnownFileType = sourcecode.c.c; path = DieWithMessage.c; sourceTree = "<group>"; };
		0A9554501CA8CF51005D9B2E /* AddressUtility.c */ = {isa = PBXFileReference; fileEncoding = 4; lastKnownFileType = sourcecode.c.c; path = AddressUtility.c; sourceTree = "<group>"; };
/* End PBXFileReference section */

/* Begin PBXFrameworksBuildPhase section */
		0A95543C1CA8CB8A005D9B2E /* Frameworks */ = {
			isa = PBXFrameworksBuildPhase;
			buildActionMask = 2147483647;
			files = (
			);
			runOnlyForDeploymentPostprocessing = 0;
		};
/* End PBXFrameworksBuildPhase section */

/* Begin PBXGroup section */
		0A9554361CA8CB8A005D9B2E = {
			isa = PBXGroup;
			children = (
				0A9554411CA8CB8A005D9B2E /* TCPEchoServer4 */,
				0A9554401CA8CB8A005D9B2E /* Products */,
			);
			sourceTree = "<group>";
		};
		0A9554401CA8CB8A005D9B2E /* Products */ = {
			isa = PBXGroup;
			children = (
				0A95543F1CA8CB8A005D9B2E /* TCPEchoServer4 */,
			);
			name = Products;
			sourceTree = "<group>";
		};
		0A9554411CA8CB8A005D9B2E /* TCPEchoServer4 */ = {
			isa = PBXGroup;
			children = (
				0A95544D1CA8CEA3005D9B2E /* Practical.h */,
				0A9554491CA8CE7A005D9B2E /* TCPEchoServer4.c */,
				0A95544A1CA8CE7A005D9B2E /* TCPServerUtility.c */,
				0A95544E1CA8CEAA005D9B2E /* DieWithMessage.c */,
				0A9554501CA8CF51005D9B2E /* AddressUtility.c */,
			);
			path = TCPEchoServer4;
			sourceTree = "<group>";
		};
/* End PBXGroup section */

/* Begin PBXNativeTarget section */
		0A95543E1CA8CB8A005D9B2E /* TCPEchoServer4 */ = {
			isa = PBXNativeTarget;
			buildConfigurationList = 0A9554461CA8CB8A005D9B2E /* Build configuration list for PBXNativeTarget "TCPEchoServer4" */;
			buildPhases = (
				0A95543B1CA8CB8A005D9B2E /* Sources */,
				0A95543C1CA8CB8A005D9B2E /* Frameworks */,
				0A95543D1CA8CB8A005D9B2E /* CopyFiles */,
			);
			buildRules = (
			);
			dependencies = (
			);
			name = TCPEchoServer4;
			productName = TCPEchoServer4;
			productReference = 0A95543F1CA8CB8A005D9B2E /* TCPEchoServer4 */;
			productType = "com.apple.product-type.tool";
		};
/* End PBXNativeTarget section */

/* Begin PBXProject section */
		0A9554371CA8CB8A005D9B2E /* Project object */ = {
			isa = PBXProject;
			attributes = {
				LastUpgradeCheck = 0720;
				ORGANIZATIONNAME = gree;
				TargetAttributes = {
					0A95543E1CA8CB8A005D9B2E = {
						CreatedOnToolsVersion = 7.2;
					};
				};
			};
			buildConfigurationList = 0A95543A1CA8CB8A005D9B2E /* Build configuration list for PBXProject "TCPEchoServer4" */;
			compatibilityVersion = "Xcode 3.2";
			developmentRegion = English;
			hasScannedForEncodings = 0;
			knownRegions = (
				en,
			);
			mainGroup = 0A9554361CA8CB8A005D9B2E;
			productRefGroup = 0A9554401CA8CB8A005D9B2E /* Products */;
			projectDirPath = "";
			projectRoot = "";
			targets = (
				0A95543E1CA8CB8A005D9B2E /* TCPEchoServer4 */,
			);
		};
/* End PBXProject section */

/* Begin PBXSourcesBuildPhase section */
		0A95543B1CA8CB8A005D9B2E /* Sources */ = {
			isa = PBXSourcesBuildPhase;
			buildActionMask = 2147483647;
			files = (
				0A95544C1CA8CE7A005D9B2E /* TCPServerUtility.c in Sources */,
				0A95544B1CA8CE7A005D9B2E /* TCPEchoServer4.c in Sources */,
				0A95544F1CA8CEAA005D9B2E /* DieWithMessage.c in Sources */,
				0A9554511CA8CF51005D9B2E /* AddressUtility.c in Sources */,
			);
			runOnlyForDeploymentPostprocessing = 0;
		};
/* End PBXSourcesBuildPhase section */

/* Begin XCBuildConfiguration section */
		0A9554441CA8CB8A005D9B2E /* Debug */ = {
			isa = XCBuildConfiguration;
			buildSettings = {
				ALWAYS_SEARCH_USER_PATHS = NO;
				CLANG_CXX_LANGUAGE_STANDARD = "gnu++0x";
				CLANG_CXX_LIBRARY = "libc++";
				CLANG_ENABLE_MODULES = YES;
				CLANG_ENABLE_OBJC_ARC = YES;
				CLANG_WARN_BOOL_CONVERSION = YES;
				CLANG_WARN_CONSTANT_CONVERSION = YES;
				CLANG_WARN_DIRECT_OBJC_ISA_USAGE = YES_ERROR;
				CLANG_WARN_EMPTY_BODY = YES;
				CLANG_WARN_ENUM_CONVERSION = YES;
				CLANG_WARN_INT_CONVERSION = YES;
				CLANG_WARN_OBJC_ROOT_CLASS = YES_ERROR;
				CLANG_WARN_UNREACHABLE_CODE = YES;
				CLANG_WARN__DUPLICATE_METHOD_MATCH = YES;
				CODE_SIGN_IDENTITY = "-";
				COPY_PHASE_STRIP = NO;
				DEBUG_INFORMATION_FORMAT = dwarf;
				ENABLE_STRICT_OBJC_MSGSEND = YES;
				ENABLE_TESTABILITY = YES;
				GCC_C_LANGUAGE_STANDARD = gnu99;
				GCC_DYNAMIC_NO_PIC = NO;
				GCC_NO_COMMON_BLOCKS = YES;
				GCC_OPTIMIZATION_LEVEL = 0;
				GCC_PREPROCESSOR_DEFINITIONS = (
					"DEBUG=1",
					"$(inherited)",
				);
				GCC_WARN_64_TO_32_BIT_CONVERSION = YES;
				GCC_WARN_ABOUT_RETURN_TYPE = YES_ERROR;
				GCC_WARN_UNDECLARED_SELECTOR = YES;
				GCC_WARN_UNINITIALIZED_AUTOS = YES_AGGRESSIVE;
				GCC_WARN_UNUSED_FUNCTION = YES;
				GCC_WARN_UNUSED_VARIABLE = YES;
				MACOSX_DEPLOYMENT_TARGET = 10.11;
				MTL_ENABLE_DEBUG_INFO = YES;
				ONLY_ACTIVE_ARCH = YES;
				SDKROOT = macosx;
			};
			name = Debug;
		};
		0A9554451CA8CB8A005D9B2E /* Release */ = {
			isa = XCBuildConfiguration;
			buildSettings = {
				ALWAYS_SEARCH_USER_PATHS = NO;
				CLANG_CXX_LANGUAGE_STANDARD = "gnu++0x";
				CLANG_CXX_LIBRARY = "libc++";
				CLANG_ENABLE_MODULES = YES;
				CLANG_ENABLE_OBJC_ARC = YES;
				CLANG_WARN_BOOL_CONVERSION = YES;
				CLANG_WARN_CONSTANT_CONVERSION = YES;
				CLANG_WARN_DIRECT_OBJC_ISA_USAGE = YES_ERROR;
				CLANG_WARN_EMPTY_BODY = YES;
				CLANG_WARN_ENUM_CONVERSION = YES;
				CLANG_WARN_INT_CONVERSION = YES;
				CLANG_WARN_OBJC_ROOT_CLASS = YES_ERROR;
				CLANG_WARN_UNREACHABLE_CODE = YES;
				CLANG_WARN__DUPLICATE_METHOD_MATCH = YES;
				CODE_SIGN_IDENTITY = "-";
				COPY_PHASE_STRIP = NO;
				DEBUG_INFORMATION_FORMAT = "dwarf-with-dsym";
				ENABLE_NS_ASSERTIONS = NO;
				ENABLE_STRICT_OBJC_MSGSEND = YES;
				GCC_C_LANGUAGE_STANDARD = gnu99;
				GCC_NO_COMMON_BLOCKS = YES;
				GCC_WARN_64_TO_32_BIT_CONVERSION = YES;
				GCC_WARN_ABOUT_RETURN_TYPE = YES_ERROR;
				GCC_WARN_UNDECLARED_SELECTOR = YES;
				GCC_WARN_UNINITIALIZED_AUTOS = YES_AGGRESSIVE;
				GCC_WARN_UNUSED_FUNCTION = YES;
				GCC_WARN_UNUSED_VARIABLE = YES;
				MACOSX_DEPLOYMENT_TARGET = 10.11;
				MTL_ENABLE_DEBUG_INFO = NO;
				SDKROOT = macosx;
			};
			name = Release;
		};
		0A9554471CA8CB8A005D9B2E /* Debug */ = {
			isa = XCBuildConfiguration;
			buildSettings = {
				PRODUCT_NAME = "$(TARGET_NAME)";
			};
			name = Debug;
		};
		0A9554481CA8CB8A005D9B2E /* Release */ = {
			isa = XCBuildConfiguration;
			buildSettings = {
				PRODUCT_NAME = "$(TARGET_NAME)";
			};
			name = Release;
		};
/* End XCBuildConfiguration section */

/* Begin XCConfigurationList section */
		0A95543A1CA8CB8A005D9B2E /* Build configuration list for PBXProject "TCPEchoServer4" */ = {
			isa = XCConfigurationList;
			buildConfigurations = (
				0A9554441CA8CB8A005D9B2E /* Debug */,
				0A9554451CA8CB8A005D9B2E /* Release */,
			);
			defaultConfigurationIsVisible = 0;
			defaultConfigurationName = Release;
		};
		0A9554461CA8CB8A005D9B2E /* Build configuration list for PBXNativeTarget "TCPEchoServer4" */ = {
			isa = XCConfigurationList;
			buildConfigurations = (
				0A9554471CA8CB8A005D9B2E /* Debug */,
				0A9554481CA8CB8A005D9B2E /* Release */,
			);
			defaultConfigurationIsVisible = 0;
			defaultConfigurationName = Release;
		};
/* End XCConfigurationList section */
	};
	rootObject = 0A9554371CA8CB8A005D9B2E /* Project object */;
}
