// !$*UTF8*$!
{
	archiveVersion = 1;
	classes = {
	};
	objectVersion = 46;
	objects = {

/* Begin PBXBuildFile section */
		0AEA984D1CA625BC00FEFAE8 /* TCPEchoClient4.c in Sources */ = {isa = PBXBuildFile; fileRef = 0AEA984C1CA625BC00FEFAE8 /* TCPEchoClient4.c */; };
		0AEA98581CA663E200FEFAE8 /* DieWithMessage.c in Sources */ = {isa = PBXBuildFile; fileRef = 0AEA98571CA663E200FEFAE8 /* DieWithMessage.c */; };
/* End PBXBuildFile section */

/* Begin PBXCopyFilesBuildPhase section */
		0AEA98471CA625BC00FEFAE8 /* CopyFiles */ = {
			isa = PBXCopyFilesBuildPhase;
			buildActionMask = 2147483647;
			dstPath = /usr/share/man/man1/;
			dstSubfolderSpec = 0;
			files = (
			);
			runOnlyForDeploymentPostprocessing = 1;
		};
/* End PBXCopyFilesBuildPhase section */

/* Begin PBXFileReference section */
		0AEA98491CA625BC00FEFAE8 /* TCPEchoClient4 */ = {isa = PBXFileReference; explicitFileType = "compiled.mach-o.executable"; includeInIndex = 0; path = TCPEchoClient4; sourceTree = BUILT_PRODUCTS_DIR; };
		0AEA984C1CA625BC00FEFAE8 /* TCPEchoClient4.c */ = {isa = PBXFileReference; lastKnownFileType = sourcecode.c.c; path = TCPEchoClient4.c; sourceTree = "<group>"; };
		0AEA98561CA6633500FEFAE8 /* Practical.h */ = {isa = PBXFileReference; lastKnownFileType = sourcecode.c.h; path = Practical.h; sourceTree = "<group>"; };
		0AEA98571CA663E200FEFAE8 /* DieWithMessage.c */ = {isa = PBXFileReference; fileEncoding = 4; lastKnownFileType = sourcecode.c.c; path = DieWithMessage.c; sourceTree = "<group>"; };
/* End PBXFileReference section */

/* Begin PBXFrameworksBuildPhase section */
		0AEA98461CA625BC00FEFAE8 /* Frameworks */ = {
			isa = PBXFrameworksBuildPhase;
			buildActionMask = 2147483647;
			files = (
			);
			runOnlyForDeploymentPostprocessing = 0;
		};
/* End PBXFrameworksBuildPhase section */

/* Begin PBXGroup section */
		0AEA98401CA625BC00FEFAE8 = {
			isa = PBXGroup;
			children = (
				0AEA984B1CA625BC00FEFAE8 /* TCPEchoClient4 */,
				0AEA984A1CA625BC00FEFAE8 /* Products */,
			);
			sourceTree = "<group>";
		};
		0AEA984A1CA625BC00FEFAE8 /* Products */ = {
			isa = PBXGroup;
			children = (
				0AEA98491CA625BC00FEFAE8 /* TCPEchoClient4 */,
			);
			name = Products;
			sourceTree = "<group>";
		};
		0AEA984B1CA625BC00FEFAE8 /* TCPEchoClient4 */ = {
			isa = PBXGroup;
			children = (
				0AEA984C1CA625BC00FEFAE8 /* TCPEchoClient4.c */,
				0AEA98561CA6633500FEFAE8 /* Practical.h */,
				0AEA98571CA663E200FEFAE8 /* DieWithMessage.c */,
			);
			path = TCPEchoClient4;
			sourceTree = "<group>";
		};
/* End PBXGroup section */

/* Begin PBXNativeTarget section */
		0AEA98481CA625BC00FEFAE8 /* TCPEchoClient4 */ = {
			isa = PBXNativeTarget;
			buildConfigurationList = 0AEA98501CA625BC00FEFAE8 /* Build configuration list for PBXNativeTarget "TCPEchoClient4" */;
			buildPhases = (
				0AEA98451CA625BC00FEFAE8 /* Sources */,
				0AEA98461CA625BC00FEFAE8 /* Frameworks */,
				0AEA98471CA625BC00FEFAE8 /* CopyFiles */,
			);
			buildRules = (
			);
			dependencies = (
			);
			name = TCPEchoClient4;
			productName = TCPEchoClient4;
			productReference = 0AEA98491CA625BC00FEFAE8 /* TCPEchoClient4 */;
			productType = "com.apple.product-type.tool";
		};
/* End PBXNativeTarget section */

/* Begin PBXProject section */
		0AEA98411CA625BC00FEFAE8 /* Project object */ = {
			isa = PBXProject;
			attributes = {
				LastUpgradeCheck = 0720;
				ORGANIZATIONNAME = gree;
				TargetAttributes = {
					0AEA98481CA625BC00FEFAE8 = {
						CreatedOnToolsVersion = 7.2;
					};
				};
			};
			buildConfigurationList = 0AEA98441CA625BC00FEFAE8 /* Build configuration list for PBXProject "TCPEchoClient4" */;
			compatibilityVersion = "Xcode 3.2";
			developmentRegion = English;
			hasScannedForEncodings = 0;
			knownRegions = (
				en,
			);
			mainGroup = 0AEA98401CA625BC00FEFAE8;
			productRefGroup = 0AEA984A1CA625BC00FEFAE8 /* Products */;
			projectDirPath = "";
			projectRoot = "";
			targets = (
				0AEA98481CA625BC00FEFAE8 /* TCPEchoClient4 */,
			);
		};
/* End PBXProject section */

/* Begin PBXSourcesBuildPhase section */
		0AEA98451CA625BC00FEFAE8 /* Sources */ = {
			isa = PBXSourcesBuildPhase;
			buildActionMask = 2147483647;
			files = (
				0AEA98581CA663E200FEFAE8 /* DieWithMessage.c in Sources */,
				0AEA984D1CA625BC00FEFAE8 /* TCPEchoClient4.c in Sources */,
			);
			runOnlyForDeploymentPostprocessing = 0;
		};
/* End PBXSourcesBuildPhase section */

/* Begin XCBuildConfiguration section */
		0AEA984E1CA625BC00FEFAE8 /* Debug */ = {
			isa = XCBuildConfiguration;
			buildSettings = {
				ALWAYS_SEARCH_USER_PATHS = NO;
				CLANG_CXX_LANGUAGE_STANDARD = "gnu++0x";
				CLANG_CXX_LIBRARY = "libc++";
				CLANG_ENABLE_MODULES = YES;
				CLANG_ENABLE_OBJC_ARC = YES;
				CLANG_WARN_BOOL_CONVERSION = YES;
				CLANG_WARN_CONSTANT_CONVERSION = YES;
				CLANG_WARN_DIRECT_OBJC_ISA_USAGE = YES_ERROR;
				CLANG_WARN_EMPTY_BODY = YES;
				CLANG_WARN_ENUM_CONVERSION = YES;
				CLANG_WARN_INT_CONVERSION = YES;
				CLANG_WARN_OBJC_ROOT_CLASS = YES_ERROR;
				CLANG_WARN_UNREACHABLE_CODE = YES;
				CLANG_WARN__DUPLICATE_METHOD_MATCH = YES;
				CODE_SIGN_IDENTITY = "-";
				COPY_PHASE_STRIP = NO;
				DEBUG_INFORMATION_FORMAT = dwarf;
				ENABLE_STRICT_OBJC_MSGSEND = YES;
				ENABLE_TESTABILITY = YES;
				GCC_C_LANGUAGE_STANDARD = gnu99;
				GCC_DYNAMIC_NO_PIC = NO;
				GCC_NO_COMMON_BLOCKS = YES;
				GCC_OPTIMIZATION_LEVEL = 0;
				GCC_PREPROCESSOR_DEFINITIONS = (
					"DEBUG=1",
					"$(inherited)",
				);
				GCC_WARN_64_TO_32_BIT_CONVERSION = YES;
				GCC_WARN_ABOUT_RETURN_TYPE = YES_ERROR;
				GCC_WARN_UNDECLARED_SELECTOR = YES;
				GCC_WARN_UNINITIALIZED_AUTOS = YES_AGGRESSIVE;
				GCC_WARN_UNUSED_FUNCTION = YES;
				GCC_WARN_UNUSED_VARIABLE = YES;
				MACOSX_DEPLOYMENT_TARGET = 10.11;
				MTL_ENABLE_DEBUG_INFO = YES;
				ONLY_ACTIVE_ARCH = YES;
				SDKROOT = macosx;
			};
			name = Debug;
		};
		0AEA984F1CA625BC00FEFAE8 /* Release */ = {
			isa = XCBuildConfiguration;
			buildSettings = {
				ALWAYS_SEARCH_USER_PATHS = NO;
				CLANG_CXX_LANGUAGE_STANDARD = "gnu++0x";
				CLANG_CXX_LIBRARY = "libc++";
				CLANG_ENABLE_MODULES = YES;
				CLANG_ENABLE_OBJC_ARC = YES;
				CLANG_WARN_BOOL_CONVERSION = YES;
				CLANG_WARN_CONSTANT_CONVERSION = YES;
				CLANG_WARN_DIRECT_OBJC_ISA_USAGE = YES_ERROR;
				CLANG_WARN_EMPTY_BODY = YES;
				CLANG_WARN_ENUM_CONVERSION = YES;
				CLANG_WARN_INT_CONVERSION = YES;
				CLANG_WARN_OBJC_ROOT_CLASS = YES_ERROR;
				CLANG_WARN_UNREACHABLE_CODE = YES;
				CLANG_WARN__DUPLICATE_METHOD_MATCH = YES;
				CODE_SIGN_IDENTITY = "-";
				COPY_PHASE_STRIP = NO;
				DEBUG_INFORMATION_FORMAT = "dwarf-with-dsym";
				ENABLE_NS_ASSERTIONS = NO;
				ENABLE_STRICT_OBJC_MSGSEND = YES;
				GCC_C_LANGUAGE_STANDARD = gnu99;
				GCC_NO_COMMON_BLOCKS = YES;
				GCC_WARN_64_TO_32_BIT_CONVERSION = YES;
				GCC_WARN_ABOUT_RETURN_TYPE = YES_ERROR;
				GCC_WARN_UNDECLARED_SELECTOR = YES;
				GCC_WARN_UNINITIALIZED_AUTOS = YES_AGGRESSIVE;
				GCC_WARN_UNUSED_FUNCTION = YES;
				GCC_WARN_UNUSED_VARIABLE = YES;
				MACOSX_DEPLOYMENT_TARGET = 10.11;
				MTL_ENABLE_DEBUG_INFO = NO;
				SDKROOT = macosx;
			};
			name = Release;
		};
		0AEA98511CA625BC00FEFAE8 /* Debug */ = {
			isa = XCBuildConfiguration;
			buildSettings = {
				PRODUCT_NAME = "$(TARGET_NAME)";
			};
			name = Debug;
		};
		0AEA98521CA625BC00FEFAE8 /* Release */ = {
			isa = XCBuildConfiguration;
			buildSettings = {
				PRODUCT_NAME = "$(TARGET_NAME)";
			};
			name = Release;
		};
/* End XCBuildConfiguration section */

/* Begin XCConfigurationList section */
		0AEA98441CA625BC00FEFAE8 /* Build configuration list for PBXProject "TCPEchoClient4" */ = {
			isa = XCConfigurationList;
			buildConfigurations = (
				0AEA984E1CA625BC00FEFAE8 /* Debug */,
				0AEA984F1CA625BC00FEFAE8 /* Release */,
			);
			defaultConfigurationIsVisible = 0;
			defaultConfigurationName = Release;
		};
		0AEA98501CA625BC00FEFAE8 /* Build configuration list for PBXNativeTarget "TCPEchoClient4" */ = {
			isa = XCConfigurationList;
			buildConfigurations = (
				0AEA98511CA625BC00FEFAE8 /* Debug */,
				0AEA98521CA625BC00FEFAE8 /* Release */,
			);
			defaultConfigurationIsVisible = 0;
			defaultConfigurationName = Release;
		};
/* End XCConfigurationList section */
	};
	rootObject = 0AEA98411CA625BC00FEFAE8 /* Project object */;
}
