// !$*UTF8*$!
{
	archiveVersion = 1;
	classes = {
	};
	objectVersion = 46;
	objects = {

/* Begin PBXBuildFile section */
		369A420A1B87257C0041C4C9 /* main.m in Sources */ = {isa = PBXBuildFile; fileRef = 369A42091B87257C0041C4C9 /* main.m */; };
		369A420D1B87257C0041C4C9 /* AppDelegate.m in Sources */ = {isa = PBXBuildFile; fileRef = 369A420C1B87257C0041C4C9 /* AppDelegate.m */; };
		369A42101B87257C0041C4C9 /* ViewController.m in Sources */ = {isa = PBXBuildFile; fileRef = 369A420F1B87257C0041C4C9 /* ViewController.m */; };
		369A42131B87257C0041C4C9 /* Main.storyboard in Resources */ = {isa = PBXBuildFile; fileRef = 369A42111B87257C0041C4C9 /* Main.storyboard */; };
		369A42151B87257C0041C4C9 /* Images.xcassets in Resources */ = {isa = PBXBuildFile; fileRef = 369A42141B87257C0041C4C9 /* Images.xcassets */; };
		369A42181B87257C0041C4C9 /* LaunchScreen.xib in Resources */ = {isa = PBXBuildFile; fileRef = 369A42161B87257C0041C4C9 /* LaunchScreen.xib */; };
		369A425E1B872A700041C4C9 /* GEFeedFather.m in Sources */ = {isa = PBXBuildFile; fileRef = 369A425B1B872A700041C4C9 /* GEFeedFather.m */; };
		369A42611B872AD40041C4C9 /* GEAirCPriFeed.m in Sources */ = {isa = PBXBuildFile; fileRef = 369A42601B872AD40041C4C9 /* GEAirCPriFeed.m */; };
		36C074F51B8AA233006D709F /* GEAirCDeviceInfoBL.m in Sources */ = {isa = PBXBuildFile; fileRef = 36C074EB1B8AA233006D709F /* GEAirCDeviceInfoBL.m */; };
		36C074F61B8AA233006D709F /* GEAirCFeedDAO.m in Sources */ = {isa = PBXBuildFile; fileRef = 36C074ED1B8AA233006D709F /* GEAirCFeedDAO.m */; };
		36C074F71B8AA233006D709F /* GEAirCFeedInitialLogic.m in Sources */ = {isa = PBXBuildFile; fileRef = 36C074EF1B8AA233006D709F /* GEAirCFeedInitialLogic.m */; };
		36C074F81B8AA233006D709F /* GEAirCFeedParticularLogic.m in Sources */ = {isa = PBXBuildFile; fileRef = 36C074F11B8AA233006D709F /* GEAirCFeedParticularLogic.m */; };
		36C074F91B8AA233006D709F /* GEAirCPubFeed.m in Sources */ = {isa = PBXBuildFile; fileRef = 36C074F31B8AA233006D709F /* GEAirCPubFeed.m */; };
/* End PBXBuildFile section */

/* Begin PBXFileReference section */
		369A42041B87257C0041C4C9 /* demo.app */ = {isa = PBXFileReference; explicitFileType = wrapper.application; includeInIndex = 0; path = demo.app; sourceTree = BUILT_PRODUCTS_DIR; };
		369A42081B87257C0041C4C9 /* Info.plist */ = {isa = PBXFileReference; lastKnownFileType = text.plist.xml; path = Info.plist; sourceTree = "<group>"; };
		369A42091B87257C0041C4C9 /* main.m */ = {isa = PBXFileReference; lastKnownFileType = sourcecode.c.objc; path = main.m; sourceTree = "<group>"; };
		369A420B1B87257C0041C4C9 /* AppDelegate.h */ = {isa = PBXFileReference; lastKnownFileType = sourcecode.c.h; path = AppDelegate.h; sourceTree = "<group>"; };
		369A420C1B87257C0041C4C9 /* AppDelegate.m */ = {isa = PBXFileReference; lastKnownFileType = sourcecode.c.objc; path = AppDelegate.m; sourceTree = "<group>"; };
		369A420E1B87257C0041C4C9 /* ViewController.h */ = {isa = PBXFileReference; lastKnownFileType = sourcecode.c.h; path = ViewController.h; sourceTree = "<group>"; };
		369A420F1B87257C0041C4C9 /* ViewController.m */ = {isa = PBXFileReference; lastKnownFileType = sourcecode.c.objc; path = ViewController.m; sourceTree = "<group>"; };
		369A42121B87257C0041C4C9 /* Base */ = {isa = PBXFileReference; lastKnownFileType = file.storyboard; name = Base; path = Base.lproj/Main.storyboard; sourceTree = "<group>"; };
		369A42141B87257C0041C4C9 /* Images.xcassets */ = {isa = PBXFileReference; lastKnownFileType = folder.assetcatalog; path = Images.xcassets; sourceTree = "<group>"; };
		369A42171B87257C0041C4C9 /* Base */ = {isa = PBXFileReference; lastKnownFileType = file.xib; name = Base; path = Base.lproj/LaunchScreen.xib; sourceTree = "<group>"; };
		369A42221B87257C0041C4C9 /* Info.plist */ = {isa = PBXFileReference; lastKnownFileType = text.plist.xml; path = Info.plist; sourceTree = "<group>"; };
		369A42231B87257C0041C4C9 /* demoTests.m */ = {isa = PBXFileReference; lastKnownFileType = sourcecode.c.objc; path = demoTests.m; sourceTree = "<group>"; };
		369A422E1B8726220041C4C9 /* GEAirCFeedFather.h */ = {isa = PBXFileReference; fileEncoding = 4; lastKnownFileType = sourcecode.c.h; path = GEAirCFeedFather.h; sourceTree = "<group>"; };
		369A42311B8726220041C4C9 /* GEAirCPropertyLists.h */ = {isa = PBXFileReference; fileEncoding = 4; lastKnownFileType = sourcecode.c.h; path = GEAirCPropertyLists.h; sourceTree = "<group>"; };
		369A42361B8726220041C4C9 /* PropertyListsHeads.h */ = {isa = PBXFileReference; fileEncoding = 4; lastKnownFileType = sourcecode.c.h; path = PropertyListsHeads.h; sourceTree = "<group>"; };
		369A425A1B872A700041C4C9 /* GEFeedFather.h */ = {isa = PBXFileReference; fileEncoding = 4; lastKnownFileType = sourcecode.c.h; path = GEFeedFather.h; sourceTree = "<group>"; };
		369A425B1B872A700041C4C9 /* GEFeedFather.m */ = {isa = PBXFileReference; fileEncoding = 4; lastKnownFileType = sourcecode.c.objc; path = GEFeedFather.m; sourceTree = "<group>"; };
		369A425F1B872AD40041C4C9 /* GEAirCPriFeed.h */ = {isa = PBXFileReference; fileEncoding = 4; lastKnownFileType = sourcecode.c.h; path = GEAirCPriFeed.h; sourceTree = "<group>"; };
		369A42601B872AD40041C4C9 /* GEAirCPriFeed.m */ = {isa = PBXFileReference; fileEncoding = 4; lastKnownFileType = sourcecode.c.objc; path = GEAirCPriFeed.m; sourceTree = "<group>"; };
		36C074E91B8AA233006D709F /* FeedVisitor.h */ = {isa = PBXFileReference; fileEncoding = 4; lastKnownFileType = sourcecode.c.h; path = FeedVisitor.h; sourceTree = "<group>"; };
		36C074EA1B8AA233006D709F /* GEAirCDeviceInfoBL.h */ = {isa = PBXFileReference; fileEncoding = 4; lastKnownFileType = sourcecode.c.h; path = GEAirCDeviceInfoBL.h; sourceTree = "<group>"; };
		36C074EB1B8AA233006D709F /* GEAirCDeviceInfoBL.m */ = {isa = PBXFileReference; fileEncoding = 4; lastKnownFileType = sourcecode.c.objc; path = GEAirCDeviceInfoBL.m; sourceTree = "<group>"; };
		36C074EC1B8AA233006D709F /* GEAirCFeedDAO.h */ = {isa = PBXFileReference; fileEncoding = 4; lastKnownFileType = sourcecode.c.h; path = GEAirCFeedDAO.h; sourceTree = "<group>"; };
		36C074ED1B8AA233006D709F /* GEAirCFeedDAO.m */ = {isa = PBXFileReference; fileEncoding = 4; lastKnownFileType = sourcecode.c.objc; path = GEAirCFeedDAO.m; sourceTree = "<group>"; };
		36C074EE1B8AA233006D709F /* GEAirCFeedInitialLogic.h */ = {isa = PBXFileReference; fileEncoding = 4; lastKnownFileType = sourcecode.c.h; path = GEAirCFeedInitialLogic.h; sourceTree = "<group>"; };
		36C074EF1B8AA233006D709F /* GEAirCFeedInitialLogic.m */ = {isa = PBXFileReference; fileEncoding = 4; lastKnownFileType = sourcecode.c.objc; path = GEAirCFeedInitialLogic.m; sourceTree = "<group>"; };
		36C074F01B8AA233006D709F /* GEAirCFeedParticularLogic.h */ = {isa = PBXFileReference; fileEncoding = 4; lastKnownFileType = sourcecode.c.h; path = GEAirCFeedParticularLogic.h; sourceTree = "<group>"; };
		36C074F11B8AA233006D709F /* GEAirCFeedParticularLogic.m */ = {isa = PBXFileReference; fileEncoding = 4; lastKnownFileType = sourcecode.c.objc; path = GEAirCFeedParticularLogic.m; sourceTree = "<group>"; };
		36C074F21B8AA233006D709F /* GEAirCPubFeed.h */ = {isa = PBXFileReference; fileEncoding = 4; lastKnownFileType = sourcecode.c.h; path = GEAirCPubFeed.h; sourceTree = "<group>"; };
		36C074F31B8AA233006D709F /* GEAirCPubFeed.m */ = {isa = PBXFileReference; fileEncoding = 4; lastKnownFileType = sourcecode.c.objc; path = GEAirCPubFeed.m; sourceTree = "<group>"; };
		36C074F41B8AA233006D709F /* GEFeedDAO.h */ = {isa = PBXFileReference; fileEncoding = 4; lastKnownFileType = sourcecode.c.h; path = GEFeedDAO.h; sourceTree = "<group>"; };
/* End PBXFileReference section */

/* Begin PBXFrameworksBuildPhase section */
		369A42011B87257C0041C4C9 /* Frameworks */ = {
			isa = PBXFrameworksBuildPhase;
			buildActionMask = 2147483647;
			files = (
			);
			runOnlyForDeploymentPostprocessing = 0;
		};
/* End PBXFrameworksBuildPhase section */

/* Begin PBXGroup section */
		369A41FB1B87257C0041C4C9 = {
			isa = PBXGroup;
			children = (
				369A42061B87257C0041C4C9 /* demo */,
				369A42201B87257C0041C4C9 /* demoTests */,
				369A42051B87257C0041C4C9 /* Products */,
			);
			sourceTree = "<group>";
		};
		369A42051B87257C0041C4C9 /* Products */ = {
			isa = PBXGroup;
			children = (
				369A42041B87257C0041C4C9 /* demo.app */,
			);
			name = Products;
			sourceTree = "<group>";
		};
		369A42061B87257C0041C4C9 /* demo */ = {
			isa = PBXGroup;
			children = (
				369A420B1B87257C0041C4C9 /* AppDelegate.h */,
				369A420C1B87257C0041C4C9 /* AppDelegate.m */,
				369A420E1B87257C0041C4C9 /* ViewController.h */,
				369A420F1B87257C0041C4C9 /* ViewController.m */,
				369A42111B87257C0041C4C9 /* Main.storyboard */,
				36C074EA1B8AA233006D709F /* GEAirCDeviceInfoBL.h */,
				36C074EB1B8AA233006D709F /* GEAirCDeviceInfoBL.m */,
				369A42141B87257C0041C4C9 /* Images.xcassets */,
				369A422D1B8725E30041C4C9 /* New Group */,
				369A42161B87257C0041C4C9 /* LaunchScreen.xib */,
				369A42071B87257C0041C4C9 /* Supporting Files */,
			);
			path = demo;
			sourceTree = "<group>";
		};
		369A42071B87257C0041C4C9 /* Supporting Files */ = {
			isa = PBXGroup;
			children = (
				369A42081B87257C0041C4C9 /* Info.plist */,
				369A42091B87257C0041C4C9 /* main.m */,
			);
			name = "Supporting Files";
			sourceTree = "<group>";
		};
		369A42201B87257C0041C4C9 /* demoTests */ = {
			isa = PBXGroup;
			children = (
				369A42231B87257C0041C4C9 /* demoTests.m */,
				369A42211B87257C0041C4C9 /* Supporting Files */,
			);
			path = demoTests;
			sourceTree = "<group>";
		};
		369A42211B87257C0041C4C9 /* Supporting Files */ = {
			isa = PBXGroup;
			children = (
				369A42221B87257C0041C4C9 /* Info.plist */,
			);
			name = "Supporting Files";
			sourceTree = "<group>";
		};
		369A422D1B8725E30041C4C9 /* New Group */ = {
			isa = PBXGroup;
			children = (
				369A422E1B8726220041C4C9 /* GEAirCFeedFather.h */,
				369A42311B8726220041C4C9 /* GEAirCPropertyLists.h */,
				369A42361B8726220041C4C9 /* PropertyListsHeads.h */,
				369A425A1B872A700041C4C9 /* GEFeedFather.h */,
				369A425B1B872A700041C4C9 /* GEFeedFather.m */,
				369A425F1B872AD40041C4C9 /* GEAirCPriFeed.h */,
				369A42601B872AD40041C4C9 /* GEAirCPriFeed.m */,
				36C074F21B8AA233006D709F /* GEAirCPubFeed.h */,
				36C074F31B8AA233006D709F /* GEAirCPubFeed.m */,
				369A424A1B872A290041C4C9 /* DAO */,
			);
			name = "New Group";
			sourceTree = "<group>";
		};
		369A424A1B872A290041C4C9 /* DAO */ = {
			isa = PBXGroup;
			children = (
				36C074E91B8AA233006D709F /* FeedVisitor.h */,
				36C074EE1B8AA233006D709F /* GEAirCFeedInitialLogic.h */,
				36C074EF1B8AA233006D709F /* GEAirCFeedInitialLogic.m */,
				36C074F01B8AA233006D709F /* GEAirCFeedParticularLogic.h */,
				36C074F11B8AA233006D709F /* GEAirCFeedParticularLogic.m */,
				36C074F41B8AA233006D709F /* GEFeedDAO.h */,
				36C074EC1B8AA233006D709F /* GEAirCFeedDAO.h */,
				36C074ED1B8AA233006D709F /* GEAirCFeedDAO.m */,
			);
			name = DAO;
			sourceTree = "<group>";
		};
/* End PBXGroup section */

/* Begin PBXNativeTarget section */
		369A42031B87257C0041C4C9 /* demo */ = {
			isa = PBXNativeTarget;
			buildConfigurationList = 369A42271B87257C0041C4C9 /* Build configuration list for PBXNativeTarget "demo" */;
			buildPhases = (
				369A42001B87257C0041C4C9 /* Sources */,
				369A42011B87257C0041C4C9 /* Frameworks */,
				369A42021B87257C0041C4C9 /* Resources */,
			);
			buildRules = (
			);
			dependencies = (
			);
			name = demo;
			productName = demo;
			productReference = 369A42041B87257C0041C4C9 /* demo.app */;
			productType = "com.apple.product-type.application";
		};
/* End PBXNativeTarget section */

/* Begin PBXProject section */
		369A41FC1B87257C0041C4C9 /* Project object */ = {
			isa = PBXProject;
			attributes = {
				LastUpgradeCheck = 0640;
				ORGANIZATIONNAME = WJF;
				TargetAttributes = {
					369A42031B87257C0041C4C9 = {
						CreatedOnToolsVersion = 6.4;
					};
				};
			};
			buildConfigurationList = 369A41FF1B87257C0041C4C9 /* Build configuration list for PBXProject "demo" */;
			compatibilityVersion = "Xcode 3.2";
			developmentRegion = English;
			hasScannedForEncodings = 0;
			knownRegions = (
				en,
				Base,
			);
			mainGroup = 369A41FB1B87257C0041C4C9;
			productRefGroup = 369A42051B87257C0041C4C9 /* Products */;
			projectDirPath = "";
			projectRoot = "";
			targets = (
				369A42031B87257C0041C4C9 /* demo */,
			);
		};
/* End PBXProject section */

/* Begin PBXResourcesBuildPhase section */
		369A42021B87257C0041C4C9 /* Resources */ = {
			isa = PBXResourcesBuildPhase;
			buildActionMask = 2147483647;
			files = (
				369A42131B87257C0041C4C9 /* Main.storyboard in Resources */,
				369A42181B87257C0041C4C9 /* LaunchScreen.xib in Resources */,
				369A42151B87257C0041C4C9 /* Images.xcassets in Resources */,
			);
			runOnlyForDeploymentPostprocessing = 0;
		};
/* End PBXResourcesBuildPhase section */

/* Begin PBXSourcesBuildPhase section */
		369A42001B87257C0041C4C9 /* Sources */ = {
			isa = PBXSourcesBuildPhase;
			buildActionMask = 2147483647;
			files = (
				369A42101B87257C0041C4C9 /* ViewController.m in Sources */,
				369A420D1B87257C0041C4C9 /* AppDelegate.m in Sources */,
				36C074F81B8AA233006D709F /* GEAirCFeedParticularLogic.m in Sources */,
				36C074F71B8AA233006D709F /* GEAirCFeedInitialLogic.m in Sources */,
				36C074F91B8AA233006D709F /* GEAirCPubFeed.m in Sources */,
				369A425E1B872A700041C4C9 /* GEFeedFather.m in Sources */,
				36C074F61B8AA233006D709F /* GEAirCFeedDAO.m in Sources */,
				369A420A1B87257C0041C4C9 /* main.m in Sources */,
				36C074F51B8AA233006D709F /* GEAirCDeviceInfoBL.m in Sources */,
				369A42611B872AD40041C4C9 /* GEAirCPriFeed.m in Sources */,
			);
			runOnlyForDeploymentPostprocessing = 0;
		};
/* End PBXSourcesBuildPhase section */

/* Begin PBXVariantGroup section */
		369A42111B87257C0041C4C9 /* Main.storyboard */ = {
			isa = PBXVariantGroup;
			children = (
				369A42121B87257C0041C4C9 /* Base */,
			);
			name = Main.storyboard;
			sourceTree = "<group>";
		};
		369A42161B87257C0041C4C9 /* LaunchScreen.xib */ = {
			isa = PBXVariantGroup;
			children = (
				369A42171B87257C0041C4C9 /* Base */,
			);
			name = LaunchScreen.xib;
			sourceTree = "<group>";
		};
/* End PBXVariantGroup section */

/* Begin XCBuildConfiguration section */
		369A42251B87257C0041C4C9 /* Debug */ = {
			isa = XCBuildConfiguration;
			buildSettings = {
				ALWAYS_SEARCH_USER_PATHS = NO;
				CLANG_CXX_LANGUAGE_STANDARD = "gnu++0x";
				CLANG_CXX_LIBRARY = "libc++";
				CLANG_ENABLE_MODULES = YES;
				CLANG_ENABLE_OBJC_ARC = YES;
				CLANG_WARN_BOOL_CONVERSION = YES;
				CLANG_WARN_CONSTANT_CONVERSION = YES;
				CLANG_WARN_DIRECT_OBJC_ISA_USAGE = YES_ERROR;
				CLANG_WARN_EMPTY_BODY = YES;
				CLANG_WARN_ENUM_CONVERSION = YES;
				CLANG_WARN_INT_CONVERSION = YES;
				CLANG_WARN_OBJC_ROOT_CLASS = YES_ERROR;
				CLANG_WARN_UNREACHABLE_CODE = YES;
				CLANG_WARN__DUPLICATE_METHOD_MATCH = YES;
				CODE_SIGN_IDENTITY = "iPhone Developer: liang zeng (9454VDWL3J)";
				"CODE_SIGN_IDENTITY[sdk=iphoneos*]" = "iPhone Developer: liang zeng (9454VDWL3J)";
				COPY_PHASE_STRIP = NO;
				DEBUG_INFORMATION_FORMAT = "dwarf-with-dsym";
				ENABLE_STRICT_OBJC_MSGSEND = YES;
				GCC_C_LANGUAGE_STANDARD = gnu99;
				GCC_DYNAMIC_NO_PIC = NO;
				GCC_NO_COMMON_BLOCKS = YES;
				GCC_OPTIMIZATION_LEVEL = 0;
				GCC_PREPROCESSOR_DEFINITIONS = (
					"DEBUG=1",
					"$(inherited)",
				);
				GCC_SYMBOLS_PRIVATE_EXTERN = NO;
				GCC_WARN_64_TO_32_BIT_CONVERSION = YES;
				GCC_WARN_ABOUT_RETURN_TYPE = YES_ERROR;
				GCC_WARN_UNDECLARED_SELECTOR = YES;
				GCC_WARN_UNINITIALIZED_AUTOS = YES_AGGRESSIVE;
				GCC_WARN_UNUSED_FUNCTION = YES;
				GCC_WARN_UNUSED_VARIABLE = YES;
				IPHONEOS_DEPLOYMENT_TARGET = 7.1;
				MTL_ENABLE_DEBUG_INFO = YES;
				ONLY_ACTIVE_ARCH = YES;
				PROVISIONING_PROFILE = "e100a541-c4fb-49d7-b0f8-0ae745fec7b3";
				SDKROOT = iphoneos;
			};
			name = Debug;
		};
		369A42261B87257C0041C4C9 /* Release */ = {
			isa = XCBuildConfiguration;
			buildSettings = {
				ALWAYS_SEARCH_USER_PATHS = NO;
				CLANG_CXX_LANGUAGE_STANDARD = "gnu++0x";
				CLANG_CXX_LIBRARY = "libc++";
				CLANG_ENABLE_MODULES = YES;
				CLANG_ENABLE_OBJC_ARC = YES;
				CLANG_WARN_BOOL_CONVERSION = YES;
				CLANG_WARN_CONSTANT_CONVERSION = YES;
				CLANG_WARN_DIRECT_OBJC_ISA_USAGE = YES_ERROR;
				CLANG_WARN_EMPTY_BODY = YES;
				CLANG_WARN_ENUM_CONVERSION = YES;
				CLANG_WARN_INT_CONVERSION = YES;
				CLANG_WARN_OBJC_ROOT_CLASS = YES_ERROR;
				CLANG_WARN_UNREACHABLE_CODE = YES;
				CLANG_WARN__DUPLICATE_METHOD_MATCH = YES;
				CODE_SIGN_IDENTITY = "iPhone Developer: liang zeng (9454VDWL3J)";
				"CODE_SIGN_IDENTITY[sdk=iphoneos*]" = "iPhone Developer: liang zeng (9454VDWL3J)";
				COPY_PHASE_STRIP = NO;
				DEBUG_INFORMATION_FORMAT = "dwarf-with-dsym";
				ENABLE_NS_ASSERTIONS = NO;
				ENABLE_STRICT_OBJC_MSGSEND = YES;
				GCC_C_LANGUAGE_STANDARD = gnu99;
				GCC_NO_COMMON_BLOCKS = YES;
				GCC_WARN_64_TO_32_BIT_CONVERSION = YES;
				GCC_WARN_ABOUT_RETURN_TYPE = YES_ERROR;
				GCC_WARN_UNDECLARED_SELECTOR = YES;
				GCC_WARN_UNINITIALIZED_AUTOS = YES_AGGRESSIVE;
				GCC_WARN_UNUSED_FUNCTION = YES;
				GCC_WARN_UNUSED_VARIABLE = YES;
				IPHONEOS_DEPLOYMENT_TARGET = 7.1;
				MTL_ENABLE_DEBUG_INFO = NO;
				PROVISIONING_PROFILE = "e100a541-c4fb-49d7-b0f8-0ae745fec7b3";
				SDKROOT = iphoneos;
				VALIDATE_PRODUCT = YES;
			};
			name = Release;
		};
		369A42281B87257C0041C4C9 /* Debug */ = {
			isa = XCBuildConfiguration;
			buildSettings = {
				ASSETCATALOG_COMPILER_APPICON_NAME = AppIcon;
				CODE_SIGN_IDENTITY = "iPhone Developer: liang zeng (9454VDWL3J)";
				INFOPLIST_FILE = demo/Info.plist;
				LD_RUNPATH_SEARCH_PATHS = "$(inherited) @executable_path/Frameworks";
				PRODUCT_NAME = "$(TARGET_NAME)";
				PROVISIONING_PROFILE = "e100a541-c4fb-49d7-b0f8-0ae745fec7b3";
			};
			name = Debug;
		};
		369A42291B87257C0041C4C9 /* Release */ = {
			isa = XCBuildConfiguration;
			buildSettings = {
				ASSETCATALOG_COMPILER_APPICON_NAME = AppIcon;
				CODE_SIGN_IDENTITY = "iPhone Developer: liang zeng (9454VDWL3J)";
				INFOPLIST_FILE = demo/Info.plist;
				LD_RUNPATH_SEARCH_PATHS = "$(inherited) @executable_path/Frameworks";
				PRODUCT_NAME = "$(TARGET_NAME)";
				PROVISIONING_PROFILE = "e100a541-c4fb-49d7-b0f8-0ae745fec7b3";
			};
			name = Release;
		};
/* End XCBuildConfiguration section */

/* Begin XCConfigurationList section */
		369A41FF1B87257C0041C4C9 /* Build configuration list for PBXProject "demo" */ = {
			isa = XCConfigurationList;
			buildConfigurations = (
				369A42251B87257C0041C4C9 /* Debug */,
				369A42261B87257C0041C4C9 /* Release */,
			);
			defaultConfigurationIsVisible = 0;
			defaultConfigurationName = Release;
		};
		369A42271B87257C0041C4C9 /* Build configuration list for PBXNativeTarget "demo" */ = {
			isa = XCConfigurationList;
			buildConfigurations = (
				369A42281B87257C0041C4C9 /* Debug */,
				369A42291B87257C0041C4C9 /* Release */,
			);
			defaultConfigurationIsVisible = 0;
			defaultConfigurationName = Release;
		};
/* End XCConfigurationList section */
	};
	rootObject = 369A41FC1B87257C0041C4C9 /* Project object */;
}
