// !$*UTF8*$!
{
	archiveVersion = 1;
	classes = {
	};
	objectVersion = 46;
	objects = {

/* Begin PBXBuildFile section */
		0AD733341CF5A722004FDA9E /* main.m in Sources */ = {isa = PBXBuildFile; fileRef = 0AD733331CF5A722004FDA9E /* main.m */; };
		0AD733371CF5A722004FDA9E /* AppDelegate.m in Sources */ = {isa = PBXBuildFile; fileRef = 0AD733361CF5A722004FDA9E /* AppDelegate.m */; };
		0AD7333A1CF5A722004FDA9E /* ViewController.m in Sources */ = {isa = PBXBuildFile; fileRef = 0AD733391CF5A722004FDA9E /* ViewController.m */; };
		0AD7333D1CF5A722004FDA9E /* Main.storyboard in Resources */ = {isa = PBXBuildFile; fileRef = 0AD7333B1CF5A722004FDA9E /* Main.storyboard */; };
		0AD7333F1CF5A722004FDA9E /* Assets.xcassets in Resources */ = {isa = PBXBuildFile; fileRef = 0AD7333E1CF5A722004FDA9E /* Assets.xcassets */; };
		0AD733421CF5A722004FDA9E /* LaunchScreen.storyboard in Resources */ = {isa = PBXBuildFile; fileRef = 0AD733401CF5A722004FDA9E /* LaunchScreen.storyboard */; };
		0AD7334B1CF5A7A8004FDA9E /* IPAddress.m in Sources */ = {isa = PBXBuildFile; fileRef = 0AD7334A1CF5A7A8004FDA9E /* IPAddress.m */; };
/* End PBXBuildFile section */

/* Begin PBXFileReference section */
		0AD7332F1CF5A721004FDA9E /* GetLocalIPAddress.app */ = {isa = PBXFileReference; explicitFileType = wrapper.application; includeInIndex = 0; path = GetLocalIPAddress.app; sourceTree = BUILT_PRODUCTS_DIR; };
		0AD733331CF5A722004FDA9E /* main.m */ = {isa = PBXFileReference; lastKnownFileType = sourcecode.c.objc; path = main.m; sourceTree = "<group>"; };
		0AD733351CF5A722004FDA9E /* AppDelegate.h */ = {isa = PBXFileReference; lastKnownFileType = sourcecode.c.h; path = AppDelegate.h; sourceTree = "<group>"; };
		0AD733361CF5A722004FDA9E /* AppDelegate.m */ = {isa = PBXFileReference; lastKnownFileType = sourcecode.c.objc; path = AppDelegate.m; sourceTree = "<group>"; };
		0AD733381CF5A722004FDA9E /* ViewController.h */ = {isa = PBXFileReference; lastKnownFileType = sourcecode.c.h; path = ViewController.h; sourceTree = "<group>"; };
		0AD733391CF5A722004FDA9E /* ViewController.m */ = {isa = PBXFileReference; lastKnownFileType = sourcecode.c.objc; path = ViewController.m; sourceTree = "<group>"; };
		0AD7333C1CF5A722004FDA9E /* Base */ = {isa = PBXFileReference; lastKnownFileType = file.storyboard; name = Base; path = Base.lproj/Main.storyboard; sourceTree = "<group>"; };
		0AD7333E1CF5A722004FDA9E /* Assets.xcassets */ = {isa = PBXFileReference; lastKnownFileType = folder.assetcatalog; path = Assets.xcassets; sourceTree = "<group>"; };
		0AD733411CF5A722004FDA9E /* Base */ = {isa = PBXFileReference; lastKnownFileType = file.storyboard; name = Base; path = Base.lproj/LaunchScreen.storyboard; sourceTree = "<group>"; };
		0AD733431CF5A722004FDA9E /* Info.plist */ = {isa = PBXFileReference; lastKnownFileType = text.plist.xml; path = Info.plist; sourceTree = "<group>"; };
		0AD733491CF5A7A8004FDA9E /* IPAddress.h */ = {isa = PBXFileReference; fileEncoding = 4; lastKnownFileType = sourcecode.c.h; path = IPAddress.h; sourceTree = "<group>"; };
		0AD7334A1CF5A7A8004FDA9E /* IPAddress.m */ = {isa = PBXFileReference; fileEncoding = 4; lastKnownFileType = sourcecode.c.objc; path = IPAddress.m; sourceTree = "<group>"; };
/* End PBXFileReference section */

/* Begin PBXFrameworksBuildPhase section */
		0AD7332C1CF5A721004FDA9E /* Frameworks */ = {
			isa = PBXFrameworksBuildPhase;
			buildActionMask = 2147483647;
			files = (
			);
			runOnlyForDeploymentPostprocessing = 0;
		};
/* End PBXFrameworksBuildPhase section */

/* Begin PBXGroup section */
		0AD733261CF5A721004FDA9E = {
			isa = PBXGroup;
			children = (
				0AD733311CF5A722004FDA9E /* GetLocalIPAddress */,
				0AD733301CF5A721004FDA9E /* Products */,
			);
			sourceTree = "<group>";
		};
		0AD733301CF5A721004FDA9E /* Products */ = {
			isa = PBXGroup;
			children = (
				0AD7332F1CF5A721004FDA9E /* GetLocalIPAddress.app */,
			);
			name = Products;
			sourceTree = "<group>";
		};
		0AD733311CF5A722004FDA9E /* GetLocalIPAddress */ = {
			isa = PBXGroup;
			children = (
				0AD733351CF5A722004FDA9E /* AppDelegate.h */,
				0AD733361CF5A722004FDA9E /* AppDelegate.m */,
				0AD733381CF5A722004FDA9E /* ViewController.h */,
				0AD733391CF5A722004FDA9E /* ViewController.m */,
				0AD733491CF5A7A8004FDA9E /* IPAddress.h */,
				0AD7334A1CF5A7A8004FDA9E /* IPAddress.m */,
				0AD7333B1CF5A722004FDA9E /* Main.storyboard */,
				0AD7333E1CF5A722004FDA9E /* Assets.xcassets */,
				0AD733401CF5A722004FDA9E /* LaunchScreen.storyboard */,
				0AD733431CF5A722004FDA9E /* Info.plist */,
				0AD733321CF5A722004FDA9E /* Supporting Files */,
			);
			path = GetLocalIPAddress;
			sourceTree = "<group>";
		};
		0AD733321CF5A722004FDA9E /* Supporting Files */ = {
			isa = PBXGroup;
			children = (
				0AD733331CF5A722004FDA9E /* main.m */,
			);
			name = "Supporting Files";
			sourceTree = "<group>";
		};
/* End PBXGroup section */

/* Begin PBXNativeTarget section */
		0AD7332E1CF5A721004FDA9E /* GetLocalIPAddress */ = {
			isa = PBXNativeTarget;
			buildConfigurationList = 0AD733461CF5A722004FDA9E /* Build configuration list for PBXNativeTarget "GetLocalIPAddress" */;
			buildPhases = (
				0AD7332B1CF5A721004FDA9E /* Sources */,
				0AD7332C1CF5A721004FDA9E /* Frameworks */,
				0AD7332D1CF5A721004FDA9E /* Resources */,
			);
			buildRules = (
			);
			dependencies = (
			);
			name = GetLocalIPAddress;
			productName = GetLocalIPAddress;
			productReference = 0AD7332F1CF5A721004FDA9E /* GetLocalIPAddress.app */;
			productType = "com.apple.product-type.application";
		};
/* End PBXNativeTarget section */

/* Begin PBXProject section */
		0AD733271CF5A721004FDA9E /* Project object */ = {
			isa = PBXProject;
			attributes = {
				LastUpgradeCheck = 0730;
				ORGANIZATIONNAME = gree;
				TargetAttributes = {
					0AD7332E1CF5A721004FDA9E = {
						CreatedOnToolsVersion = 7.3.1;
					};
				};
			};
			buildConfigurationList = 0AD7332A1CF5A721004FDA9E /* Build configuration list for PBXProject "GetLocalIPAddress" */;
			compatibilityVersion = "Xcode 3.2";
			developmentRegion = English;
			hasScannedForEncodings = 0;
			knownRegions = (
				en,
				Base,
			);
			mainGroup = 0AD733261CF5A721004FDA9E;
			productRefGroup = 0AD733301CF5A721004FDA9E /* Products */;
			projectDirPath = "";
			projectRoot = "";
			targets = (
				0AD7332E1CF5A721004FDA9E /* GetLocalIPAddress */,
			);
		};
/* End PBXProject section */

/* Begin PBXResourcesBuildPhase section */
		0AD7332D1CF5A721004FDA9E /* Resources */ = {
			isa = PBXResourcesBuildPhase;
			buildActionMask = 2147483647;
			files = (
				0AD733421CF5A722004FDA9E /* LaunchScreen.storyboard in Resources */,
				0AD7333F1CF5A722004FDA9E /* Assets.xcassets in Resources */,
				0AD7333D1CF5A722004FDA9E /* Main.storyboard in Resources */,
			);
			runOnlyForDeploymentPostprocessing = 0;
		};
/* End PBXResourcesBuildPhase section */

/* Begin PBXSourcesBuildPhase section */
		0AD7332B1CF5A721004FDA9E /* Sources */ = {
			isa = PBXSourcesBuildPhase;
			buildActionMask = 2147483647;
			files = (
				0AD7333A1CF5A722004FDA9E /* ViewController.m in Sources */,
				0AD7334B1CF5A7A8004FDA9E /* IPAddress.m in Sources */,
				0AD733371CF5A722004FDA9E /* AppDelegate.m in Sources */,
				0AD733341CF5A722004FDA9E /* main.m in Sources */,
			);
			runOnlyForDeploymentPostprocessing = 0;
		};
/* End PBXSourcesBuildPhase section */

/* Begin PBXVariantGroup section */
		0AD7333B1CF5A722004FDA9E /* Main.storyboard */ = {
			isa = PBXVariantGroup;
			children = (
				0AD7333C1CF5A722004FDA9E /* Base */,
			);
			name = Main.storyboard;
			sourceTree = "<group>";
		};
		0AD733401CF5A722004FDA9E /* LaunchScreen.storyboard */ = {
			isa = PBXVariantGroup;
			children = (
				0AD733411CF5A722004FDA9E /* Base */,
			);
			name = LaunchScreen.storyboard;
			sourceTree = "<group>";
		};
/* End PBXVariantGroup section */

/* Begin XCBuildConfiguration section */
		0AD733441CF5A722004FDA9E /* Debug */ = {
			isa = XCBuildConfiguration;
			buildSettings = {
				ALWAYS_SEARCH_USER_PATHS = NO;
				CLANG_ANALYZER_NONNULL = YES;
				CLANG_CXX_LANGUAGE_STANDARD = "gnu++0x";
				CLANG_CXX_LIBRARY = "libc++";
				CLANG_ENABLE_MODULES = YES;
				CLANG_ENABLE_OBJC_ARC = YES;
				CLANG_WARN_BOOL_CONVERSION = YES;
				CLANG_WARN_CONSTANT_CONVERSION = YES;
				CLANG_WARN_DIRECT_OBJC_ISA_USAGE = YES_ERROR;
				CLANG_WARN_EMPTY_BODY = YES;
				CLANG_WARN_ENUM_CONVERSION = YES;
				CLANG_WARN_INT_CONVERSION = YES;
				CLANG_WARN_OBJC_ROOT_CLASS = YES_ERROR;
				CLANG_WARN_UNREACHABLE_CODE = YES;
				CLANG_WARN__DUPLICATE_METHOD_MATCH = YES;
				"CODE_SIGN_IDENTITY[sdk=iphoneos*]" = "iPhone Developer";
				COPY_PHASE_STRIP = NO;
				DEBUG_INFORMATION_FORMAT = dwarf;
				ENABLE_STRICT_OBJC_MSGSEND = YES;
				ENABLE_TESTABILITY = YES;
				GCC_C_LANGUAGE_STANDARD = gnu99;
				GCC_DYNAMIC_NO_PIC = NO;
				GCC_NO_COMMON_BLOCKS = YES;
				GCC_OPTIMIZATION_LEVEL = 0;
				GCC_PREPROCESSOR_DEFINITIONS = (
					"DEBUG=1",
					"$(inherited)",
				);
				GCC_WARN_64_TO_32_BIT_CONVERSION = YES;
				GCC_WARN_ABOUT_RETURN_TYPE = YES_ERROR;
				GCC_WARN_UNDECLARED_SELECTOR = YES;
				GCC_WARN_UNINITIALIZED_AUTOS = YES_AGGRESSIVE;
				GCC_WARN_UNUSED_FUNCTION = YES;
				GCC_WARN_UNUSED_VARIABLE = YES;
				IPHONEOS_DEPLOYMENT_TARGET = 9.3;
				MTL_ENABLE_DEBUG_INFO = YES;
				ONLY_ACTIVE_ARCH = YES;
				SDKROOT = iphoneos;
			};
			name = Debug;
		};
		0AD733451CF5A722004FDA9E /* Release */ = {
			isa = XCBuildConfiguration;
			buildSettings = {
				ALWAYS_SEARCH_USER_PATHS = NO;
				CLANG_ANALYZER_NONNULL = YES;
				CLANG_CXX_LANGUAGE_STANDARD = "gnu++0x";
				CLANG_CXX_LIBRARY = "libc++";
				CLANG_ENABLE_MODULES = YES;
				CLANG_ENABLE_OBJC_ARC = YES;
				CLANG_WARN_BOOL_CONVERSION = YES;
				CLANG_WARN_CONSTANT_CONVERSION = YES;
				CLANG_WARN_DIRECT_OBJC_ISA_USAGE = YES_ERROR;
				CLANG_WARN_EMPTY_BODY = YES;
				CLANG_WARN_ENUM_CONVERSION = YES;
				CLANG_WARN_INT_CONVERSION = YES;
				CLANG_WARN_OBJC_ROOT_CLASS = YES_ERROR;
				CLANG_WARN_UNREACHABLE_CODE = YES;
				CLANG_WARN__DUPLICATE_METHOD_MATCH = YES;
				"CODE_SIGN_IDENTITY[sdk=iphoneos*]" = "iPhone Developer";
				COPY_PHASE_STRIP = NO;
				DEBUG_INFORMATION_FORMAT = "dwarf-with-dsym";
				ENABLE_NS_ASSERTIONS = NO;
				ENABLE_STRICT_OBJC_MSGSEND = YES;
				GCC_C_LANGUAGE_STANDARD = gnu99;
				GCC_NO_COMMON_BLOCKS = YES;
				GCC_WARN_64_TO_32_BIT_CONVERSION = YES;
				GCC_WARN_ABOUT_RETURN_TYPE = YES_ERROR;
				GCC_WARN_UNDECLARED_SELECTOR = YES;
				GCC_WARN_UNINITIALIZED_AUTOS = YES_AGGRESSIVE;
				GCC_WARN_UNUSED_FUNCTION = YES;
				GCC_WARN_UNUSED_VARIABLE = YES;
				IPHONEOS_DEPLOYMENT_TARGET = 9.3;
				MTL_ENABLE_DEBUG_INFO = NO;
				SDKROOT = iphoneos;
				VALIDATE_PRODUCT = YES;
			};
			name = Release;
		};
		0AD733471CF5A722004FDA9E /* Debug */ = {
			isa = XCBuildConfiguration;
			buildSettings = {
				ASSETCATALOG_COMPILER_APPICON_NAME = AppIcon;
				INFOPLIST_FILE = GetLocalIPAddress/Info.plist;
				IPHONEOS_DEPLOYMENT_TARGET = 8;
				LD_RUNPATH_SEARCH_PATHS = "$(inherited) @executable_path/Frameworks";
				PRODUCT_BUNDLE_IDENTIFIER = com.jonneydai.GetLocalIPAddress;
				PRODUCT_NAME = "$(TARGET_NAME)";
			};
			name = Debug;
		};
		0AD733481CF5A722004FDA9E /* Release */ = {
			isa = XCBuildConfiguration;
			buildSettings = {
				ASSETCATALOG_COMPILER_APPICON_NAME = AppIcon;
				INFOPLIST_FILE = GetLocalIPAddress/Info.plist;
				IPHONEOS_DEPLOYMENT_TARGET = 8;
				LD_RUNPATH_SEARCH_PATHS = "$(inherited) @executable_path/Frameworks";
				PRODUCT_BUNDLE_IDENTIFIER = com.jonneydai.GetLocalIPAddress;
				PRODUCT_NAME = "$(TARGET_NAME)";
			};
			name = Release;
		};
/* End XCBuildConfiguration section */

/* Begin XCConfigurationList section */
		0AD7332A1CF5A721004FDA9E /* Build configuration list for PBXProject "GetLocalIPAddress" */ = {
			isa = XCConfigurationList;
			buildConfigurations = (
				0AD733441CF5A722004FDA9E /* Debug */,
				0AD733451CF5A722004FDA9E /* Release */,
			);
			defaultConfigurationIsVisible = 0;
			defaultConfigurationName = Release;
		};
		0AD733461CF5A722004FDA9E /* Build configuration list for PBXNativeTarget "GetLocalIPAddress" */ = {
			isa = XCConfigurationList;
			buildConfigurations = (
				0AD733471CF5A722004FDA9E /* Debug */,
				0AD733481CF5A722004FDA9E /* Release */,
			);
			defaultConfigurationIsVisible = 0;
		};
/* End XCConfigurationList section */
	};
	rootObject = 0AD733271CF5A721004FDA9E /* Project object */;
}
